
Microsoft Visual Studio Solution File, Format Version 12.00
# Visual Studio Version 16
VisualStudioVersion = 16.0.30611.23
MinimumVisualStudioVersion = 10.0.40219.1
Project("{9A19103F-16F7-4668-BE54-9A1E7A4F7556}") = "AdoNetExamPractice", "AdoNetExamPractice\AdoNetExamPractice.csproj", "{B8FF7B14-43E3-49F1-9753-3861C9F51E28}"
EndProject
Project("{FAE04EC0-301F-11D3-BF4B-00C04F79EFBC}") = "Linqpractice", "Linqpractice\Linqpractice.csproj", "{1BBE427B-560F-4BEE-A4BF-AD433C356ECA}"
EndProject
Project("{FAE04EC0-301F-11D3-BF4B-00C04F79EFBC}") = "EntityFramework", "EntityFramework\EntityFramework.csproj", "{5C12D4D8-4E40-4666-B362-DF0E3730CDA2}"
EndProject
Project("{FAE04EC0-301F-11D3-BF4B-00C04F79EFBC}") = "DatatablePractice", "DatatablePractice\DatatablePractice.csproj", "{A9A6AB0A-97D2-4D8F-80C8-5A5C07D31A79}"
EndProject
Global
	GlobalSection(SolutionConfigurationPlatforms) = preSolution
		Debug|Any CPU = Debug|Any CPU
		Release|Any CPU = Release|Any CPU
	EndGlobalSection
	GlobalSection(ProjectConfigurationPlatforms) = postSolution
		{B8FF7B14-43E3-49F1-9753-3861C9F51E28}.Debug|Any CPU.ActiveCfg = Debug|Any CPU
		{B8FF7B14-43E3-49F1-9753-3861C9F51E28}.Debug|Any CPU.Build.0 = Debug|Any CPU
		{B8FF7B14-43E3-49F1-9753-3861C9F51E28}.Release|Any CPU.ActiveCfg = Release|Any CPU
		{B8FF7B14-43E3-49F1-9753-3861C9F51E28}.Release|Any CPU.Build.0 = Release|Any CPU
		{1BBE427B-560F-4BEE-A4BF-AD433C356ECA}.Debug|Any CPU.ActiveCfg = Debug|Any CPU
		{1BBE427B-560F-4BEE-A4BF-AD433C356ECA}.Debug|Any CPU.Build.0 = Debug|Any CPU
		{1BBE427B-560F-4BEE-A4BF-AD433C356ECA}.Release|Any CPU.ActiveCfg = Release|Any CPU
		{1BBE427B-560F-4BEE-A4BF-AD433C356ECA}.Release|Any CPU.Build.0 = Release|Any CPU
		{5C12D4D8-4E40-4666-B362-DF0E3730CDA2}.Debug|Any CPU.ActiveCfg = Debug|Any CPU
		{5C12D4D8-4E40-4666-B362-DF0E3730CDA2}.Debug|Any CPU.Build.0 = Debug|Any CPU
		{5C12D4D8-4E40-4666-B362-DF0E3730CDA2}.Release|Any CPU.ActiveCfg = Release|Any CPU
		{5C12D4D8-4E40-4666-B362-DF0E3730CDA2}.Release|Any CPU.Build.0 = Release|Any CPU
		{A9A6AB0A-97D2-4D8F-80C8-5A5C07D31A79}.Debug|Any CPU.ActiveCfg = Debug|Any CPU
		{A9A6AB0A-97D2-4D8F-80C8-5A5C07D31A79}.Debug|Any CPU.Build.0 = Debug|Any CPU
		{A9A6AB0A-97D2-4D8F-80C8-5A5C07D31A79}.Release|Any CPU.ActiveCfg = Release|Any CPU
		{A9A6AB0A-97D2-4D8F-80C8-5A5C07D31A79}.Release|Any CPU.Build.0 = Release|Any CPU
	EndGlobalSection
	GlobalSection(SolutionProperties) = preSolution
		HideSolutionNode = FALSE
	EndGlobalSection
	GlobalSection(ExtensibilityGlobals) = postSolution
		SolutionGuid = {2C901C44-2736-4CAB-99F4-1D6D1067071F}
	EndGlobalSection
EndGlobal
