
Microsoft Visual Studio Solution File, Format Version 12.00
# Visual Studio Version 16
VisualStudioVersion = 16.0.30611.23
MinimumVisualStudioVersion = 10.0.40219.1
Project("{FAE04EC0-301F-11D3-BF4B-00C04F79EFBC}") = "Ntireoriginal", "Ntireoriginal\Ntireoriginal.csproj", "{837B8947-A71B-404D-97A2-2444CB0AE36A}"
EndProject
Project("{FAE04EC0-301F-11D3-BF4B-00C04F79EFBC}") = "DataAccessLayer", "DataAccessLayer\DataAccessLayer.csproj", "{2E234A09-5121-498E-88F8-27EF59096FDC}"
EndProject
Project("{FAE04EC0-301F-11D3-BF4B-00C04F79EFBC}") = "BusinessAccessLayer", "BusinessAccessLayer\BusinessAccessLayer.csproj", "{69B5E6CF-9D40-4C21-86A0-98A5617FCC0A}"
EndProject
Global
	GlobalSection(SolutionConfigurationPlatforms) = preSolution
		Debug|Any CPU = Debug|Any CPU
		Release|Any CPU = Release|Any CPU
	EndGlobalSection
	GlobalSection(ProjectConfigurationPlatforms) = postSolution
		{837B8947-A71B-404D-97A2-2444CB0AE36A}.Debug|Any CPU.ActiveCfg = Debug|Any CPU
		{837B8947-A71B-404D-97A2-2444CB0AE36A}.Debug|Any CPU.Build.0 = Debug|Any CPU
		{837B8947-A71B-404D-97A2-2444CB0AE36A}.Release|Any CPU.ActiveCfg = Release|Any CPU
		{837B8947-A71B-404D-97A2-2444CB0AE36A}.Release|Any CPU.Build.0 = Release|Any CPU
		{2E234A09-5121-498E-88F8-27EF59096FDC}.Debug|Any CPU.ActiveCfg = Debug|Any CPU
		{2E234A09-5121-498E-88F8-27EF59096FDC}.Debug|Any CPU.Build.0 = Debug|Any CPU
		{2E234A09-5121-498E-88F8-27EF59096FDC}.Release|Any CPU.ActiveCfg = Release|Any CPU
		{2E234A09-5121-498E-88F8-27EF59096FDC}.Release|Any CPU.Build.0 = Release|Any CPU
		{69B5E6CF-9D40-4C21-86A0-98A5617FCC0A}.Debug|Any CPU.ActiveCfg = Debug|Any CPU
		{69B5E6CF-9D40-4C21-86A0-98A5617FCC0A}.Debug|Any CPU.Build.0 = Debug|Any CPU
		{69B5E6CF-9D40-4C21-86A0-98A5617FCC0A}.Release|Any CPU.ActiveCfg = Release|Any CPU
		{69B5E6CF-9D40-4C21-86A0-98A5617FCC0A}.Release|Any CPU.Build.0 = Release|Any CPU
	EndGlobalSection
	GlobalSection(SolutionProperties) = preSolution
		HideSolutionNode = FALSE
	EndGlobalSection
	GlobalSection(ExtensibilityGlobals) = postSolution
		SolutionGuid = {00AF0623-EB26-4B78-B744-BB861091F2CD}
	EndGlobalSection
EndGlobal
